
Microsoft Visual Studio Solution File, Format Version 12.00
# Visual Studio 15
VisualStudioVersion = 15.0.28307.539
MinimumVisualStudioVersion = 10.0.40219.1
Project("{FAE04EC0-301F-11D3-BF4B-00C04F79EFBC}") = "TrabajoPractico1", "TrabajoPractico1\TrabajoPractico1.csproj", "{6C602F2D-24F8-411F-9B78-B0FA0F790201}"
EndProject
Project("{FAE04EC0-301F-11D3-BF4B-00C04F79EFBC}") = "Entidades", "Entidades\Entidades.csproj", "{527AB574-B49A-4A25-9CB9-A8776C88E553}"
EndProject
Global
	GlobalSection(SolutionConfigurationPlatforms) = preSolution
		Debug|Any CPU = Debug|Any CPU
		Release|Any CPU = Release|Any CPU
	EndGlobalSection
	GlobalSection(ProjectConfigurationPlatforms) = postSolution
		{6C602F2D-24F8-411F-9B78-B0FA0F790201}.Debug|Any CPU.ActiveCfg = Debug|Any CPU
		{6C602F2D-24F8-411F-9B78-B0FA0F790201}.Debug|Any CPU.Build.0 = Debug|Any CPU
		{6C602F2D-24F8-411F-9B78-B0FA0F790201}.Release|Any CPU.ActiveCfg = Release|Any CPU
		{6C602F2D-24F8-411F-9B78-B0FA0F790201}.Release|Any CPU.Build.0 = Release|Any CPU
		{527AB574-B49A-4A25-9CB9-A8776C88E553}.Debug|Any CPU.ActiveCfg = Debug|Any CPU
		{527AB574-B49A-4A25-9CB9-A8776C88E553}.Debug|Any CPU.Build.0 = Debug|Any CPU
		{527AB574-B49A-4A25-9CB9-A8776C88E553}.Release|Any CPU.ActiveCfg = Release|Any CPU
		{527AB574-B49A-4A25-9CB9-A8776C88E553}.Release|Any CPU.Build.0 = Release|Any CPU
	EndGlobalSection
	GlobalSection(SolutionProperties) = preSolution
		HideSolutionNode = FALSE
	EndGlobalSection
	GlobalSection(ExtensibilityGlobals) = postSolution
		SolutionGuid = {29F240F1-0E72-42F0-ADA6-9AC799C8F88E}
	EndGlobalSection
EndGlobal
